
Microsoft Visual Studio Solution File, Format Version 12.00
# Visual Studio Version 17
VisualStudioVersion = 17.4.33205.214
MinimumVisualStudioVersion = 10.0.40219.1
Project("{FAE04EC0-301F-11D3-BF4B-00C04F79EFBC}") = "Pics", "Pics\Pics.csproj", "{AAFAE95A-259A-4C1B-A5BD-C1F976C16D53}"
EndProject
Global
	GlobalSection(SolutionConfigurationPlatforms) = preSolution
		Debug|Any CPU = Debug|Any CPU
		Release|Any CPU = Release|Any CPU
	EndGlobalSection
	GlobalSection(ProjectConfigurationPlatforms) = postSolution
		{AAFAE95A-259A-4C1B-A5BD-C1F976C16D53}.Debug|Any CPU.ActiveCfg = Debug|Any CPU
		{AAFAE95A-259A-4C1B-A5BD-C1F976C16D53}.Debug|Any CPU.Build.0 = Debug|Any CPU
		{AAFAE95A-259A-4C1B-A5BD-C1F976C16D53}.Release|Any CPU.ActiveCfg = Release|Any CPU
		{AAFAE95A-259A-4C1B-A5BD-C1F976C16D53}.Release|Any CPU.Build.0 = Release|Any CPU
	EndGlobalSection
	GlobalSection(SolutionProperties) = preSolution
		HideSolutionNode = FALSE
	EndGlobalSection
	GlobalSection(ExtensibilityGlobals) = postSolution
		SolutionGuid = {5AE02D5E-C136-4D38-861E-43F91E9F0AC2}
	EndGlobalSection
EndGlobal
